
Microsoft Visual Studio Solution File, Format Version 12.00
# Visual Studio 15
VisualStudioVersion = 15.0.27428.2015
MinimumVisualStudioVersion = 10.0.40219.1
Project("{FAE04EC0-301F-11D3-BF4B-00C04F79EFBC}") = "HwyApi", "HwyApi\HwyApi.csproj", "{550CCF63-59DE-4A33-87B2-138368923231}"
EndProject
Global
	GlobalSection(SolutionConfigurationPlatforms) = preSolution
		Debug|Any CPU = Debug|Any CPU
		Release|Any CPU = Release|Any CPU
	EndGlobalSection
	GlobalSection(ProjectConfigurationPlatforms) = postSolution
		{550CCF63-59DE-4A33-87B2-138368923231}.Debug|Any CPU.ActiveCfg = Debug|Any CPU
		{550CCF63-59DE-4A33-87B2-138368923231}.Debug|Any CPU.Build.0 = Debug|Any CPU
		{550CCF63-59DE-4A33-87B2-138368923231}.Release|Any CPU.ActiveCfg = Release|Any CPU
		{550CCF63-59DE-4A33-87B2-138368923231}.Release|Any CPU.Build.0 = Release|Any CPU
	EndGlobalSection
	GlobalSection(SolutionProperties) = preSolution
		HideSolutionNode = FALSE
	EndGlobalSection
	GlobalSection(ExtensibilityGlobals) = postSolution
		SolutionGuid = {BF7E10E5-4F6B-4D4E-96DC-16E1766A2B21}
	EndGlobalSection
EndGlobal
